{
  "object": {
    "pins": [
      {
        "package": "LilySwift",
        "repositoryURL": "https://github.com/wdkk/LilySwift.git",
        "state": {
          "branch": null,
          "revision": "966455937cc78e280dd17a8cd075bdca0c808c5e",
          "version": "4.5.26"
        }
      }
    ]
  },
  "version": 1
}
